// !$*UTF8*$!
{
	archiveVersion = 1;
	classes = {
	};
	objectVersion = 50;
	objects = {

/* Begin PBXBuildFile section */
		9314B06B2549EA7500A95FD9 /* AppDelegate.swift in Sources */ = {isa = PBXBuildFile; fileRef = 9314B06A2549EA7500A95FD9 /* AppDelegate.swift */; };
		9314B06F2549EA7500A95FD9 /* ViewController.swift in Sources */ = {isa = PBXBuildFile; fileRef = 9314B06E2549EA7500A95FD9 /* ViewController.swift */; };
		9314B0722549EA7500A95FD9 /* Main.storyboard in Resources */ = {isa = PBXBuildFile; fileRef = 9314B0702549EA7500A95FD9 /* Main.storyboard */; };
		9314B0742549EA7700A95FD9 /* Assets.xcassets in Resources */ = {isa = PBXBuildFile; fileRef = 9314B0732549EA7700A95FD9 /* Assets.xcassets */; };
		9314B0772549EA7700A95FD9 /* LaunchScreen.storyboard in Resources */ = {isa = PBXBuildFile; fileRef = 9314B0752549EA7700A95FD9 /* LaunchScreen.storyboard */; };
		934DCA0E25529FA400279840 /* UserGroupsTableViewController.swift in Sources */ = {isa = PBXBuildFile; fileRef = 934DCA0D25529FA400279840 /* UserGroupsTableViewController.swift */; };
		934DCA112552A0EE00279840 /* GroupsTableViewController.swift in Sources */ = {isa = PBXBuildFile; fileRef = 934DCA102552A0EE00279840 /* GroupsTableViewController.swift */; };
		934DCA142552A16000279840 /* Group.swift in Sources */ = {isa = PBXBuildFile; fileRef = 934DCA132552A16000279840 /* Group.swift */; };
		9375C8A1254F5E200062C8A1 /* ProfileTableViewCell.swift in Sources */ = {isa = PBXBuildFile; fileRef = 9375C8A0254F5E200062C8A1 /* ProfileTableViewCell.swift */; };
		9375C8A4254F60120062C8A1 /* FriendsViewModel.swift in Sources */ = {isa = PBXBuildFile; fileRef = 9375C8A3254F60120062C8A1 /* FriendsViewModel.swift */; };
		93BA3E71254A0113003433AD /* User.swift in Sources */ = {isa = PBXBuildFile; fileRef = 93BA3E70254A0113003433AD /* User.swift */; };
		93BA3E79254A0A8B003433AD /* FriendsTableViewController.swift in Sources */ = {isa = PBXBuildFile; fileRef = 93BA3E78254A0A8B003433AD /* FriendsTableViewController.swift */; };
		93BA3E7C254A0B1A003433AD /* Constants.swift in Sources */ = {isa = PBXBuildFile; fileRef = 93BA3E7B254A0B1A003433AD /* Constants.swift */; };
		93CAD4F22557107200B4C336 /* FriendCollectionViewController.swift in Sources */ = {isa = PBXBuildFile; fileRef = 93CAD4F12557107200B4C336 /* FriendCollectionViewController.swift */; };
		93CAD4F52557108700B4C336 /* FriendCollectionViewCell.swift in Sources */ = {isa = PBXBuildFile; fileRef = 93CAD4F42557108700B4C336 /* FriendCollectionViewCell.swift */; };
		93CAD4F82557246B00B4C336 /* ProfileViewModel.swift in Sources */ = {isa = PBXBuildFile; fileRef = 93CAD4F72557246B00B4C336 /* ProfileViewModel.swift */; };
		93CAD4FB25572CBB00B4C336 /* GroupsViewModel.swift in Sources */ = {isa = PBXBuildFile; fileRef = 93CAD4FA25572CBB00B4C336 /* GroupsViewModel.swift */; };
		93CAD4FE25572E7000B4C336 /* UserGroupsViewModel.swift in Sources */ = {isa = PBXBuildFile; fileRef = 93CAD4FD25572E7000B4C336 /* UserGroupsViewModel.swift */; };
/* End PBXBuildFile section */

/* Begin PBXFileReference section */
		9314B0672549EA7500A95FD9 /* Homework.app */ = {isa = PBXFileReference; explicitFileType = wrapper.application; includeInIndex = 0; path = Homework.app; sourceTree = BUILT_PRODUCTS_DIR; };
		9314B06A2549EA7500A95FD9 /* AppDelegate.swift */ = {isa = PBXFileReference; lastKnownFileType = sourcecode.swift; path = AppDelegate.swift; sourceTree = "<group>"; };
		9314B06E2549EA7500A95FD9 /* ViewController.swift */ = {isa = PBXFileReference; lastKnownFileType = sourcecode.swift; path = ViewController.swift; sourceTree = "<group>"; };
		9314B0712549EA7500A95FD9 /* Base */ = {isa = PBXFileReference; lastKnownFileType = file.storyboard; name = Base; path = Base.lproj/Main.storyboard; sourceTree = "<group>"; };
		9314B0732549EA7700A95FD9 /* Assets.xcassets */ = {isa = PBXFileReference; lastKnownFileType = folder.assetcatalog; path = Assets.xcassets; sourceTree = "<group>"; };
		9314B0762549EA7700A95FD9 /* Base */ = {isa = PBXFileReference; lastKnownFileType = file.storyboard; name = Base; path = Base.lproj/LaunchScreen.storyboard; sourceTree = "<group>"; };
		9314B0782549EA7700A95FD9 /* Info.plist */ = {isa = PBXFileReference; lastKnownFileType = text.plist.xml; path = Info.plist; sourceTree = "<group>"; };
		934DCA0D25529FA400279840 /* UserGroupsTableViewController.swift */ = {isa = PBXFileReference; lastKnownFileType = sourcecode.swift; path = UserGroupsTableViewController.swift; sourceTree = "<group>"; };
		934DCA102552A0EE00279840 /* GroupsTableViewController.swift */ = {isa = PBXFileReference; lastKnownFileType = sourcecode.swift; path = GroupsTableViewController.swift; sourceTree = "<group>"; };
		934DCA132552A16000279840 /* Group.swift */ = {isa = PBXFileReference; lastKnownFileType = sourcecode.swift; path = Group.swift; sourceTree = "<group>"; };
		9375C8A0254F5E200062C8A1 /* ProfileTableViewCell.swift */ = {isa = PBXFileReference; lastKnownFileType = sourcecode.swift; path = ProfileTableViewCell.swift; sourceTree = "<group>"; };
		9375C8A3254F60120062C8A1 /* FriendsViewModel.swift */ = {isa = PBXFileReference; lastKnownFileType = sourcecode.swift; path = FriendsViewModel.swift; sourceTree = "<group>"; };
		93BA3E70254A0113003433AD /* User.swift */ = {isa = PBXFileReference; lastKnownFileType = sourcecode.swift; path = User.swift; sourceTree = "<group>"; };
		93BA3E78254A0A8B003433AD /* FriendsTableViewController.swift */ = {isa = PBXFileReference; lastKnownFileType = sourcecode.swift; path = FriendsTableViewController.swift; sourceTree = "<group>"; };
		93BA3E7B254A0B1A003433AD /* Constants.swift */ = {isa = PBXFileReference; lastKnownFileType = sourcecode.swift; path = Constants.swift; sourceTree = "<group>"; };
		93CAD4F12557107200B4C336 /* FriendCollectionViewController.swift */ = {isa = PBXFileReference; lastKnownFileType = sourcecode.swift; path = FriendCollectionViewController.swift; sourceTree = "<group>"; };
		93CAD4F42557108700B4C336 /* FriendCollectionViewCell.swift */ = {isa = PBXFileReference; lastKnownFileType = sourcecode.swift; path = FriendCollectionViewCell.swift; sourceTree = "<group>"; };
		93CAD4F72557246B00B4C336 /* ProfileViewModel.swift */ = {isa = PBXFileReference; lastKnownFileType = sourcecode.swift; path = ProfileViewModel.swift; sourceTree = "<group>"; };
		93CAD4FA25572CBB00B4C336 /* GroupsViewModel.swift */ = {isa = PBXFileReference; lastKnownFileType = sourcecode.swift; path = GroupsViewModel.swift; sourceTree = "<group>"; };
		93CAD4FD25572E7000B4C336 /* UserGroupsViewModel.swift */ = {isa = PBXFileReference; lastKnownFileType = sourcecode.swift; path = UserGroupsViewModel.swift; sourceTree = "<group>"; };
/* End PBXFileReference section */

/* Begin PBXFrameworksBuildPhase section */
		9314B0642549EA7500A95FD9 /* Frameworks */ = {
			isa = PBXFrameworksBuildPhase;
			buildActionMask = 2147483647;
			files = (
			);
			runOnlyForDeploymentPostprocessing = 0;
		};
/* End PBXFrameworksBuildPhase section */

/* Begin PBXGroup section */
		9314B05E2549EA7400A95FD9 = {
			isa = PBXGroup;
			children = (
				9314B0692549EA7500A95FD9 /* Homework */,
				9314B0682549EA7500A95FD9 /* Products */,
			);
			sourceTree = "<group>";
		};
		9314B0682549EA7500A95FD9 /* Products */ = {
			isa = PBXGroup;
			children = (
				9314B0672549EA7500A95FD9 /* Homework.app */,
			);
			name = Products;
			sourceTree = "<group>";
		};
		9314B0692549EA7500A95FD9 /* Homework */ = {
			isa = PBXGroup;
			children = (
				9314B06A2549EA7500A95FD9 /* AppDelegate.swift */,
				93BA3E7B254A0B1A003433AD /* Constants.swift */,
				9314B0702549EA7500A95FD9 /* Main.storyboard */,
				9375C8A7254F64AF0062C8A1 /* Views */,
				93BA3E73254A02DB003433AD /* Models */,
				93BA3E75254A02E2003433AD /* View Controllers */,
				9314B0732549EA7700A95FD9 /* Assets.xcassets */,
				9314B0752549EA7700A95FD9 /* LaunchScreen.storyboard */,
				9314B0782549EA7700A95FD9 /* Info.plist */,
			);
			path = Homework;
			sourceTree = "<group>";
		};
		9375C8A7254F64AF0062C8A1 /* Views */ = {
			isa = PBXGroup;
			children = (
				9375C8A0254F5E200062C8A1 /* ProfileTableViewCell.swift */,
				9375C8A3254F60120062C8A1 /* FriendsViewModel.swift */,
				93CAD4F72557246B00B4C336 /* ProfileViewModel.swift */,
				93CAD4FD25572E7000B4C336 /* UserGroupsViewModel.swift */,
				93CAD4FA25572CBB00B4C336 /* GroupsViewModel.swift */,
				93CAD4F42557108700B4C336 /* FriendCollectionViewCell.swift */,
			);
			path = Views;
			sourceTree = "<group>";
		};
		93BA3E73254A02DB003433AD /* Models */ = {
			isa = PBXGroup;
			children = (
				93BA3E70254A0113003433AD /* User.swift */,
				934DCA132552A16000279840 /* Group.swift */,
			);
			path = Models;
			sourceTree = "<group>";
		};
		93BA3E75254A02E2003433AD /* View Controllers */ = {
			isa = PBXGroup;
			children = (
				9314B06E2549EA7500A95FD9 /* ViewController.swift */,
				93BA3E78254A0A8B003433AD /* FriendsTableViewController.swift */,
				93CAD4F12557107200B4C336 /* FriendCollectionViewController.swift */,
				934DCA0D25529FA400279840 /* UserGroupsTableViewController.swift */,
				934DCA102552A0EE00279840 /* GroupsTableViewController.swift */,
			);
			path = "View Controllers";
			sourceTree = "<group>";
		};
/* End PBXGroup section */

/* Begin PBXNativeTarget section */
		9314B0662549EA7500A95FD9 /* Homework */ = {
			isa = PBXNativeTarget;
			buildConfigurationList = 9314B07B2549EA7700A95FD9 /* Build configuration list for PBXNativeTarget "Homework" */;
			buildPhases = (
				9314B0632549EA7500A95FD9 /* Sources */,
				9314B0642549EA7500A95FD9 /* Frameworks */,
				9314B0652549EA7500A95FD9 /* Resources */,
			);
			buildRules = (
			);
			dependencies = (
			);
			name = Homework;
			productName = Homework;
			productReference = 9314B0672549EA7500A95FD9 /* Homework.app */;
			productType = "com.apple.product-type.application";
		};
/* End PBXNativeTarget section */

/* Begin PBXProject section */
		9314B05F2549EA7400A95FD9 /* Project object */ = {
			isa = PBXProject;
			attributes = {
				LastSwiftUpdateCheck = 1210;
				LastUpgradeCheck = 1210;
				TargetAttributes = {
					9314B0662549EA7500A95FD9 = {
						CreatedOnToolsVersion = 12.1;
					};
				};
			};
			buildConfigurationList = 9314B0622549EA7400A95FD9 /* Build configuration list for PBXProject "Homework" */;
			compatibilityVersion = "Xcode 9.3";
			developmentRegion = en;
			hasScannedForEncodings = 0;
			knownRegions = (
				en,
				Base,
			);
			mainGroup = 9314B05E2549EA7400A95FD9;
			productRefGroup = 9314B0682549EA7500A95FD9 /* Products */;
			projectDirPath = "";
			projectRoot = "";
			targets = (
				9314B0662549EA7500A95FD9 /* Homework */,
			);
		};
/* End PBXProject section */

/* Begin PBXResourcesBuildPhase section */
		9314B0652549EA7500A95FD9 /* Resources */ = {
			isa = PBXResourcesBuildPhase;
			buildActionMask = 2147483647;
			files = (
				9314B0772549EA7700A95FD9 /* LaunchScreen.storyboard in Resources */,
				9314B0742549EA7700A95FD9 /* Assets.xcassets in Resources */,
				9314B0722549EA7500A95FD9 /* Main.storyboard in Resources */,
			);
			runOnlyForDeploymentPostprocessing = 0;
		};
/* End PBXResourcesBuildPhase section */

/* Begin PBXSourcesBuildPhase section */
		9314B0632549EA7500A95FD9 /* Sources */ = {
			isa = PBXSourcesBuildPhase;
			buildActionMask = 2147483647;
			files = (
				93CAD4F52557108700B4C336 /* FriendCollectionViewCell.swift in Sources */,
				93BA3E7C254A0B1A003433AD /* Constants.swift in Sources */,
				9314B06F2549EA7500A95FD9 /* ViewController.swift in Sources */,
				934DCA112552A0EE00279840 /* GroupsTableViewController.swift in Sources */,
				934DCA142552A16000279840 /* Group.swift in Sources */,
				9314B06B2549EA7500A95FD9 /* AppDelegate.swift in Sources */,
				9375C8A1254F5E200062C8A1 /* ProfileTableViewCell.swift in Sources */,
				93CAD4F22557107200B4C336 /* FriendCollectionViewController.swift in Sources */,
				93CAD4FB25572CBB00B4C336 /* GroupsViewModel.swift in Sources */,
				934DCA0E25529FA400279840 /* UserGroupsTableViewController.swift in Sources */,
				93BA3E79254A0A8B003433AD /* FriendsTableViewController.swift in Sources */,
				93CAD4FE25572E7000B4C336 /* UserGroupsViewModel.swift in Sources */,
				93CAD4F82557246B00B4C336 /* ProfileViewModel.swift in Sources */,
				9375C8A4254F60120062C8A1 /* FriendsViewModel.swift in Sources */,
				93BA3E71254A0113003433AD /* User.swift in Sources */,
			);
			runOnlyForDeploymentPostprocessing = 0;
		};
/* End PBXSourcesBuildPhase section */

/* Begin PBXVariantGroup section */
		9314B0702549EA7500A95FD9 /* Main.storyboard */ = {
			isa = PBXVariantGroup;
			children = (
				9314B0712549EA7500A95FD9 /* Base */,
			);
			name = Main.storyboard;
			sourceTree = "<group>";
		};
		9314B0752549EA7700A95FD9 /* LaunchScreen.storyboard */ = {
			isa = PBXVariantGroup;
			children = (
				9314B0762549EA7700A95FD9 /* Base */,
			);
			name = LaunchScreen.storyboard;
			sourceTree = "<group>";
		};
/* End PBXVariantGroup section */

/* Begin XCBuildConfiguration section */
		9314B0792549EA7700A95FD9 /* Debug */ = {
			isa = XCBuildConfiguration;
			buildSettings = {
				ALWAYS_SEARCH_USER_PATHS = NO;
				CLANG_ANALYZER_NONNULL = YES;
				CLANG_ANALYZER_NUMBER_OBJECT_CONVERSION = YES_AGGRESSIVE;
				CLANG_CXX_LANGUAGE_STANDARD = "gnu++14";
				CLANG_CXX_LIBRARY = "libc++";
				CLANG_ENABLE_MODULES = YES;
				CLANG_ENABLE_OBJC_ARC = YES;
				CLANG_ENABLE_OBJC_WEAK = YES;
				CLANG_WARN_BLOCK_CAPTURE_AUTORELEASING = YES;
				CLANG_WARN_BOOL_CONVERSION = YES;
				CLANG_WARN_COMMA = YES;
				CLANG_WARN_CONSTANT_CONVERSION = YES;
				CLANG_WARN_DEPRECATED_OBJC_IMPLEMENTATIONS = YES;
				CLANG_WARN_DIRECT_OBJC_ISA_USAGE = YES_ERROR;
				CLANG_WARN_DOCUMENTATION_COMMENTS = YES;
				CLANG_WARN_EMPTY_BODY = YES;
				CLANG_WARN_ENUM_CONVERSION = YES;
				CLANG_WARN_INFINITE_RECURSION = YES;
				CLANG_WARN_INT_CONVERSION = YES;
				CLANG_WARN_NON_LITERAL_NULL_CONVERSION = YES;
				CLANG_WARN_OBJC_IMPLICIT_RETAIN_SELF = YES;
				CLANG_WARN_OBJC_LITERAL_CONVERSION = YES;
				CLANG_WARN_OBJC_ROOT_CLASS = YES_ERROR;
				CLANG_WARN_QUOTED_INCLUDE_IN_FRAMEWORK_HEADER = YES;
				CLANG_WARN_RANGE_LOOP_ANALYSIS = YES;
				CLANG_WARN_STRICT_PROTOTYPES = YES;
				CLANG_WARN_SUSPICIOUS_MOVE = YES;
				CLANG_WARN_UNGUARDED_AVAILABILITY = YES_AGGRESSIVE;
				CLANG_WARN_UNREACHABLE_CODE = YES;
				CLANG_WARN__DUPLICATE_METHOD_MATCH = YES;
				COPY_PHASE_STRIP = NO;
				DEBUG_INFORMATION_FORMAT = dwarf;
				ENABLE_STRICT_OBJC_MSGSEND = YES;
				ENABLE_TESTABILITY = YES;
				GCC_C_LANGUAGE_STANDARD = gnu11;
				GCC_DYNAMIC_NO_PIC = NO;
				GCC_NO_COMMON_BLOCKS = YES;
				GCC_OPTIMIZATION_LEVEL = 0;
				GCC_PREPROCESSOR_DEFINITIONS = (
					"DEBUG=1",
					"$(inherited)",
				);
				GCC_WARN_64_TO_32_BIT_CONVERSION = YES;
				GCC_WARN_ABOUT_RETURN_TYPE = YES_ERROR;
				GCC_WARN_UNDECLARED_SELECTOR = YES;
				GCC_WARN_UNINITIALIZED_AUTOS = YES_AGGRESSIVE;
				GCC_WARN_UNUSED_FUNCTION = YES;
				GCC_WARN_UNUSED_VARIABLE = YES;
				IPHONEOS_DEPLOYMENT_TARGET = 14.1;
				MTL_ENABLE_DEBUG_INFO = INCLUDE_SOURCE;
				MTL_FAST_MATH = YES;
				ONLY_ACTIVE_ARCH = YES;
				SDKROOT = iphoneos;
				SWIFT_ACTIVE_COMPILATION_CONDITIONS = DEBUG;
				SWIFT_OPTIMIZATION_LEVEL = "-Onone";
			};
			name = Debug;
		};
		9314B07A2549EA7700A95FD9 /* Release */ = {
			isa = XCBuildConfiguration;
			buildSettings = {
				ALWAYS_SEARCH_USER_PATHS = NO;
				CLANG_ANALYZER_NONNULL = YES;
				CLANG_ANALYZER_NUMBER_OBJECT_CONVERSION = YES_AGGRESSIVE;
				CLANG_CXX_LANGUAGE_STANDARD = "gnu++14";
				CLANG_CXX_LIBRARY = "libc++";
				CLANG_ENABLE_MODULES = YES;
				CLANG_ENABLE_OBJC_ARC = YES;
				CLANG_ENABLE_OBJC_WEAK = YES;
				CLANG_WARN_BLOCK_CAPTURE_AUTORELEASING = YES;
				CLANG_WARN_BOOL_CONVERSION = YES;
				CLANG_WARN_COMMA = YES;
				CLANG_WARN_CONSTANT_CONVERSION = YES;
				CLANG_WARN_DEPRECATED_OBJC_IMPLEMENTATIONS = YES;
				CLANG_WARN_DIRECT_OBJC_ISA_USAGE = YES_ERROR;
				CLANG_WARN_DOCUMENTATION_COMMENTS = YES;
				CLANG_WARN_EMPTY_BODY = YES;
				CLANG_WARN_ENUM_CONVERSION = YES;
				CLANG_WARN_INFINITE_RECURSION = YES;
				CLANG_WARN_INT_CONVERSION = YES;
				CLANG_WARN_NON_LITERAL_NULL_CONVERSION = YES;
				CLANG_WARN_OBJC_IMPLICIT_RETAIN_SELF = YES;
				CLANG_WARN_OBJC_LITERAL_CONVERSION = YES;
				CLANG_WARN_OBJC_ROOT_CLASS = YES_ERROR;
				CLANG_WARN_QUOTED_INCLUDE_IN_FRAMEWORK_HEADER = YES;
				CLANG_WARN_RANGE_LOOP_ANALYSIS = YES;
				CLANG_WARN_STRICT_PROTOTYPES = YES;
				CLANG_WARN_SUSPICIOUS_MOVE = YES;
				CLANG_WARN_UNGUARDED_AVAILABILITY = YES_AGGRESSIVE;
				CLANG_WARN_UNREACHABLE_CODE = YES;
				CLANG_WARN__DUPLICATE_METHOD_MATCH = YES;
				COPY_PHASE_STRIP = NO;
				DEBUG_INFORMATION_FORMAT = "dwarf-with-dsym";
				ENABLE_NS_ASSERTIONS = NO;
				ENABLE_STRICT_OBJC_MSGSEND = YES;
				GCC_C_LANGUAGE_STANDARD = gnu11;
				GCC_NO_COMMON_BLOCKS = YES;
				GCC_WARN_64_TO_32_BIT_CONVERSION = YES;
				GCC_WARN_ABOUT_RETURN_TYPE = YES_ERROR;
				GCC_WARN_UNDECLARED_SELECTOR = YES;
				GCC_WARN_UNINITIALIZED_AUTOS = YES_AGGRESSIVE;
				GCC_WARN_UNUSED_FUNCTION = YES;
				GCC_WARN_UNUSED_VARIABLE = YES;
				IPHONEOS_DEPLOYMENT_TARGET = 14.1;
				MTL_ENABLE_DEBUG_INFO = NO;
				MTL_FAST_MATH = YES;
				SDKROOT = iphoneos;
				SWIFT_COMPILATION_MODE = wholemodule;
				SWIFT_OPTIMIZATION_LEVEL = "-O";
				VALIDATE_PRODUCT = YES;
			};
			name = Release;
		};
		9314B07C2549EA7700A95FD9 /* Debug */ = {
			isa = XCBuildConfiguration;
			buildSettings = {
				ASSETCATALOG_COMPILER_APPICON_NAME = AppIcon;
				ASSETCATALOG_COMPILER_GLOBAL_ACCENT_COLOR_NAME = AccentColor;
				CODE_SIGN_STYLE = Automatic;
				DEVELOPMENT_TEAM = 66CY9ZSCCB;
				INFOPLIST_FILE = Homework/Info.plist;
				LD_RUNPATH_SEARCH_PATHS = (
					"$(inherited)",
					"@executable_path/Frameworks",
				);
				PRODUCT_BUNDLE_IDENTIFIER = "com.geekbrain-course.Homework";
				PRODUCT_NAME = "$(TARGET_NAME)";
				SWIFT_VERSION = 5.0;
				TARGETED_DEVICE_FAMILY = "1,2";
			};
			name = Debug;
		};
		9314B07D2549EA7700A95FD9 /* Release */ = {
			isa = XCBuildConfiguration;
			buildSettings = {
				ASSETCATALOG_COMPILER_APPICON_NAME = AppIcon;
				ASSETCATALOG_COMPILER_GLOBAL_ACCENT_COLOR_NAME = AccentColor;
				CODE_SIGN_STYLE = Automatic;
				DEVELOPMENT_TEAM = 66CY9ZSCCB;
				INFOPLIST_FILE = Homework/Info.plist;
				LD_RUNPATH_SEARCH_PATHS = (
					"$(inherited)",
					"@executable_path/Frameworks",
				);
				PRODUCT_BUNDLE_IDENTIFIER = "com.geekbrain-course.Homework";
				PRODUCT_NAME = "$(TARGET_NAME)";
				SWIFT_VERSION = 5.0;
				TARGETED_DEVICE_FAMILY = "1,2";
			};
			name = Release;
		};
/* End XCBuildConfiguration section */

/* Begin XCConfigurationList section */
		9314B0622549EA7400A95FD9 /* Build configuration list for PBXProject "Homework" */ = {
			isa = XCConfigurationList;
			buildConfigurations = (
				9314B0792549EA7700A95FD9 /* Debug */,
				9314B07A2549EA7700A95FD9 /* Release */,
			);
			defaultConfigurationIsVisible = 0;
			defaultConfigurationName = Release;
		};
		9314B07B2549EA7700A95FD9 /* Build configuration list for PBXNativeTarget "Homework" */ = {
			isa = XCConfigurationList;
			buildConfigurations = (
				9314B07C2549EA7700A95FD9 /* Debug */,
				9314B07D2549EA7700A95FD9 /* Release */,
			);
			defaultConfigurationIsVisible = 0;
			defaultConfigurationName = Release;
		};
/* End XCConfigurationList section */
	};
	rootObject = 9314B05F2549EA7400A95FD9 /* Project object */;
}
